// !$*UTF8*$!
{
	archiveVersion = 1;
	classes = {
	};
	objectVersion = 48;
	objects = {

/* Begin PBXBuildFile section */
		585074F01F677E9E007F024F /* GraphPageController.swift in Sources */ = {isa = PBXBuildFile; fileRef = 585074EF1F677E9E007F024F /* GraphPageController.swift */; };
		585074F21F677F41007F024F /* MonthlyTransactionVC.swift in Sources */ = {isa = PBXBuildFile; fileRef = 585074F11F677F41007F024F /* MonthlyTransactionVC.swift */; };
		585074F41F677F86007F024F /* StorewiseTransactionVC.swift in Sources */ = {isa = PBXBuildFile; fileRef = 585074F31F677F86007F024F /* StorewiseTransactionVC.swift */; };
		585074F61F677FAF007F024F /* ScrollableGraphView.swift in Sources */ = {isa = PBXBuildFile; fileRef = 585074F51F677FAF007F024F /* ScrollableGraphView.swift */; };
		585074F81F67815C007F024F /* EmbededExtensions.swift in Sources */ = {isa = PBXBuildFile; fileRef = 585074F71F67815C007F024F /* EmbededExtensions.swift */; };
		5862F8521FA4E2B300085316 /* Store_NTViews.swift in Sources */ = {isa = PBXBuildFile; fileRef = 5862F8511FA4E2B300085316 /* Store_NTViews.swift */; };
		5862F8551FA4E7EB00085316 /* Date_NTViews.swift in Sources */ = {isa = PBXBuildFile; fileRef = 5862F8541FA4E7EB00085316 /* Date_NTViews.swift */; };
		5862F8571FA5531600085316 /* Amount_NTViews.swift in Sources */ = {isa = PBXBuildFile; fileRef = 5862F8561FA5531600085316 /* Amount_NTViews.swift */; };
		58BBA9AC1F5DDCEB00E03E30 /* AppDelegate.swift in Sources */ = {isa = PBXBuildFile; fileRef = 58BBA9AB1F5DDCEB00E03E30 /* AppDelegate.swift */; };
		58BBA9AE1F5DDCEB00E03E30 /* ViewController.swift in Sources */ = {isa = PBXBuildFile; fileRef = 58BBA9AD1F5DDCEB00E03E30 /* ViewController.swift */; };
		58BBA9B11F5DDCEB00E03E30 /* Main.storyboard in Resources */ = {isa = PBXBuildFile; fileRef = 58BBA9AF1F5DDCEB00E03E30 /* Main.storyboard */; };
		58BBA9B41F5DDCEB00E03E30 /* SCC.xcdatamodeld in Sources */ = {isa = PBXBuildFile; fileRef = 58BBA9B21F5DDCEB00E03E30 /* SCC.xcdatamodeld */; };
		58BBA9B61F5DDCEB00E03E30 /* Assets.xcassets in Resources */ = {isa = PBXBuildFile; fileRef = 58BBA9B51F5DDCEB00E03E30 /* Assets.xcassets */; };
		58BBA9B91F5DDCEB00E03E30 /* LaunchScreen.storyboard in Resources */ = {isa = PBXBuildFile; fileRef = 58BBA9B71F5DDCEB00E03E30 /* LaunchScreen.storyboard */; };
		58BD5EF31F6614870047FD30 /* ManagedDatabaseModule.swift in Sources */ = {isa = PBXBuildFile; fileRef = 58BD5EF21F6614870047FD30 /* ManagedDatabaseModule.swift */; };
		58C147971F6444F1000EAA97 /* TransactionTableViewCell.swift in Sources */ = {isa = PBXBuildFile; fileRef = 58C147961F6444F1000EAA97 /* TransactionTableViewCell.swift */; };
		58C147991F644670000EAA97 /* TableViewController.swift in Sources */ = {isa = PBXBuildFile; fileRef = 58C147981F644670000EAA97 /* TableViewController.swift */; };
		58D4EECF1FAE24E0003C2A1B /* Podfile in Resources */ = {isa = PBXBuildFile; fileRef = 58D4EECE1FAE24E0003C2A1B /* Podfile */; };
		58F710621F8155870055D48F /* .travis.yml in Resources */ = {isa = PBXBuildFile; fileRef = 58F710611F8155870055D48F /* .travis.yml */; };
		F392951B1E3D1E4074EED942 /* Pods_SCC.framework in Frameworks */ = {isa = PBXBuildFile; fileRef = 4E289D39A343E0F61C72F3DC /* Pods_SCC.framework */; };
/* End PBXBuildFile section */

/* Begin PBXFileReference section */
		3DE236E5F16EAAF53EEF7A04 /* Pods-SCC.debug.xcconfig */ = {isa = PBXFileReference; includeInIndex = 1; lastKnownFileType = text.xcconfig; name = "Pods-SCC.debug.xcconfig"; path = "Pods/Target Support Files/Pods-SCC/Pods-SCC.debug.xcconfig"; sourceTree = "<group>"; };
		4E289D39A343E0F61C72F3DC /* Pods_SCC.framework */ = {isa = PBXFileReference; explicitFileType = wrapper.framework; includeInIndex = 0; path = Pods_SCC.framework; sourceTree = BUILT_PRODUCTS_DIR; };
		585074EF1F677E9E007F024F /* GraphPageController.swift */ = {isa = PBXFileReference; lastKnownFileType = sourcecode.swift; path = GraphPageController.swift; sourceTree = "<group>"; };
		585074F11F677F41007F024F /* MonthlyTransactionVC.swift */ = {isa = PBXFileReference; lastKnownFileType = sourcecode.swift; path = MonthlyTransactionVC.swift; sourceTree = "<group>"; };
		585074F31F677F86007F024F /* StorewiseTransactionVC.swift */ = {isa = PBXFileReference; lastKnownFileType = sourcecode.swift; path = StorewiseTransactionVC.swift; sourceTree = "<group>"; };
		585074F51F677FAF007F024F /* ScrollableGraphView.swift */ = {isa = PBXFileReference; lastKnownFileType = sourcecode.swift; path = ScrollableGraphView.swift; sourceTree = "<group>"; };
		585074F71F67815C007F024F /* EmbededExtensions.swift */ = {isa = PBXFileReference; lastKnownFileType = sourcecode.swift; path = EmbededExtensions.swift; sourceTree = "<group>"; };
		5862F8511FA4E2B300085316 /* Store_NTViews.swift */ = {isa = PBXFileReference; lastKnownFileType = sourcecode.swift; path = Store_NTViews.swift; sourceTree = "<group>"; };
		5862F8541FA4E7EB00085316 /* Date_NTViews.swift */ = {isa = PBXFileReference; lastKnownFileType = sourcecode.swift; path = Date_NTViews.swift; sourceTree = "<group>"; };
		5862F8561FA5531600085316 /* Amount_NTViews.swift */ = {isa = PBXFileReference; lastKnownFileType = sourcecode.swift; path = Amount_NTViews.swift; sourceTree = "<group>"; };
		58BBA9A81F5DDCEB00E03E30 /* SCC.app */ = {isa = PBXFileReference; explicitFileType = wrapper.application; includeInIndex = 0; path = SCC.app; sourceTree = BUILT_PRODUCTS_DIR; };
		58BBA9AB1F5DDCEB00E03E30 /* AppDelegate.swift */ = {isa = PBXFileReference; lastKnownFileType = sourcecode.swift; path = AppDelegate.swift; sourceTree = "<group>"; };
		58BBA9AD1F5DDCEB00E03E30 /* ViewController.swift */ = {isa = PBXFileReference; lastKnownFileType = sourcecode.swift; path = ViewController.swift; sourceTree = "<group>"; };
		58BBA9B01F5DDCEB00E03E30 /* Base */ = {isa = PBXFileReference; lastKnownFileType = file.storyboard; name = Base; path = Base.lproj/Main.storyboard; sourceTree = "<group>"; };
		58BBA9B31F5DDCEB00E03E30 /* SCC.xcdatamodel */ = {isa = PBXFileReference; lastKnownFileType = wrapper.xcdatamodel; path = SCC.xcdatamodel; sourceTree = "<group>"; };
		58BBA9B51F5DDCEB00E03E30 /* Assets.xcassets */ = {isa = PBXFileReference; lastKnownFileType = folder.assetcatalog; path = Assets.xcassets; sourceTree = "<group>"; };
		58BBA9B81F5DDCEB00E03E30 /* Base */ = {isa = PBXFileReference; lastKnownFileType = file.storyboard; name = Base; path = Base.lproj/LaunchScreen.storyboard; sourceTree = "<group>"; };
		58BBA9BA1F5DDCEB00E03E30 /* Info.plist */ = {isa = PBXFileReference; lastKnownFileType = text.plist.xml; path = Info.plist; sourceTree = "<group>"; };
		58BD5EF21F6614870047FD30 /* ManagedDatabaseModule.swift */ = {isa = PBXFileReference; lastKnownFileType = sourcecode.swift; path = ManagedDatabaseModule.swift; sourceTree = "<group>"; };
		58C147961F6444F1000EAA97 /* TransactionTableViewCell.swift */ = {isa = PBXFileReference; lastKnownFileType = sourcecode.swift; path = TransactionTableViewCell.swift; sourceTree = "<group>"; };
		58C147981F644670000EAA97 /* TableViewController.swift */ = {isa = PBXFileReference; lastKnownFileType = sourcecode.swift; path = TableViewController.swift; sourceTree = "<group>"; };
		58D4EECE1FAE24E0003C2A1B /* Podfile */ = {isa = PBXFileReference; fileEncoding = 4; lastKnownFileType = text; path = Podfile; sourceTree = "<group>"; };
		58F710611F8155870055D48F /* .travis.yml */ = {isa = PBXFileReference; lastKnownFileType = text; path = .travis.yml; sourceTree = "<group>"; };
		DAA42E3362AC9D2CFF35DB53 /* Pods-SCC.release.xcconfig */ = {isa = PBXFileReference; includeInIndex = 1; lastKnownFileType = text.xcconfig; name = "Pods-SCC.release.xcconfig"; path = "Pods/Target Support Files/Pods-SCC/Pods-SCC.release.xcconfig"; sourceTree = "<group>"; };
/* End PBXFileReference section */

/* Begin PBXFrameworksBuildPhase section */
		58BBA9A51F5DDCEB00E03E30 /* Frameworks */ = {
			isa = PBXFrameworksBuildPhase;
			buildActionMask = 2147483647;
			files = (
				F392951B1E3D1E4074EED942 /* Pods_SCC.framework in Frameworks */,
			);
			runOnlyForDeploymentPostprocessing = 0;
		};
/* End PBXFrameworksBuildPhase section */

/* Begin PBXGroup section */
		5862F8531FA4E34A00085316 /* NewTransaction Views */ = {
			isa = PBXGroup;
			children = (
				5862F8511FA4E2B300085316 /* Store_NTViews.swift */,
				5862F8541FA4E7EB00085316 /* Date_NTViews.swift */,
				5862F8561FA5531600085316 /* Amount_NTViews.swift */,
			);
			path = "NewTransaction Views";
			sourceTree = "<group>";
		};
		58BBA99F1F5DDCEB00E03E30 = {
			isa = PBXGroup;
			children = (
				58D4EECE1FAE24E0003C2A1B /* Podfile */,
				58F710611F8155870055D48F /* .travis.yml */,
				58BBA9AA1F5DDCEB00E03E30 /* SCC */,
				58BBA9A91F5DDCEB00E03E30 /* Products */,
				640A8A711757848718BDE040 /* Pods */,
				E658361650F8505F09D92F0A /* Frameworks */,
			);
			sourceTree = "<group>";
		};
		58BBA9A91F5DDCEB00E03E30 /* Products */ = {
			isa = PBXGroup;
			children = (
				58BBA9A81F5DDCEB00E03E30 /* SCC.app */,
			);
			name = Products;
			sourceTree = "<group>";
		};
		58BBA9AA1F5DDCEB00E03E30 /* SCC */ = {
			isa = PBXGroup;
			children = (
				58BBA9AB1F5DDCEB00E03E30 /* AppDelegate.swift */,
				58BD5EF21F6614870047FD30 /* ManagedDatabaseModule.swift */,
				585074F51F677FAF007F024F /* ScrollableGraphView.swift */,
				585074F71F67815C007F024F /* EmbededExtensions.swift */,
				58BD5EEC1F660D040047FD30 /* Data Sources */,
				58BD5EED1F660D100047FD30 /* ViewControllers */,
				58BBA9AF1F5DDCEB00E03E30 /* Main.storyboard */,
				58BBA9B51F5DDCEB00E03E30 /* Assets.xcassets */,
				58BBA9B71F5DDCEB00E03E30 /* LaunchScreen.storyboard */,
				58BBA9BA1F5DDCEB00E03E30 /* Info.plist */,
				58BBA9B21F5DDCEB00E03E30 /* SCC.xcdatamodeld */,
			);
			path = SCC;
			sourceTree = "<group>";
		};
		58BD5EEC1F660D040047FD30 /* Data Sources */ = {
			isa = PBXGroup;
			children = (
				58C147981F644670000EAA97 /* TableViewController.swift */,
				58C147961F6444F1000EAA97 /* TransactionTableViewCell.swift */,
				585074EF1F677E9E007F024F /* GraphPageController.swift */,
			);
			path = "Data Sources";
			sourceTree = "<group>";
		};
		58BD5EED1F660D100047FD30 /* ViewControllers */ = {
			isa = PBXGroup;
			children = (
				5862F8531FA4E34A00085316 /* NewTransaction Views */,
				585074F11F677F41007F024F /* MonthlyTransactionVC.swift */,
				585074F31F677F86007F024F /* StorewiseTransactionVC.swift */,
				58BBA9AD1F5DDCEB00E03E30 /* ViewController.swift */,
			);
			path = ViewControllers;
			sourceTree = "<group>";
		};
		640A8A711757848718BDE040 /* Pods */ = {
			isa = PBXGroup;
			children = (
				3DE236E5F16EAAF53EEF7A04 /* Pods-SCC.debug.xcconfig */,
				DAA42E3362AC9D2CFF35DB53 /* Pods-SCC.release.xcconfig */,
			);
			name = Pods;
			sourceTree = "<group>";
		};
		E658361650F8505F09D92F0A /* Frameworks */ = {
			isa = PBXGroup;
			children = (
				4E289D39A343E0F61C72F3DC /* Pods_SCC.framework */,
			);
			name = Frameworks;
			sourceTree = "<group>";
		};
/* End PBXGroup section */

/* Begin PBXNativeTarget section */
		58BBA9A71F5DDCEB00E03E30 /* SCC */ = {
			isa = PBXNativeTarget;
			buildConfigurationList = 58BBA9BD1F5DDCEB00E03E30 /* Build configuration list for PBXNativeTarget "SCC" */;
			buildPhases = (
				2BA4F38ADD93B288BF88CEBC /* [CP] Check Pods Manifest.lock */,
				58BBA9A41F5DDCEB00E03E30 /* Sources */,
				58BBA9A51F5DDCEB00E03E30 /* Frameworks */,
				58BBA9A61F5DDCEB00E03E30 /* Resources */,
				B1E996DC8B5CCC15C8C624A1 /* [CP] Embed Pods Frameworks */,
				17CBB7D1B698E7A070EB4BC9 /* [CP] Copy Pods Resources */,
			);
			buildRules = (
			);
			dependencies = (
			);
			name = SCC;
			productName = SCC;
			productReference = 58BBA9A81F5DDCEB00E03E30 /* SCC.app */;
			productType = "com.apple.product-type.application";
		};
/* End PBXNativeTarget section */

/* Begin PBXProject section */
		58BBA9A01F5DDCEB00E03E30 /* Project object */ = {
			isa = PBXProject;
			attributes = {
				LastSwiftUpdateCheck = 0900;
				LastUpgradeCheck = 0900;
				ORGANIZATIONNAME = "Shabang Systems, LLC";
				TargetAttributes = {
					58BBA9A71F5DDCEB00E03E30 = {
						CreatedOnToolsVersion = 9.0;
					};
				};
			};
			buildConfigurationList = 58BBA9A31F5DDCEB00E03E30 /* Build configuration list for PBXProject "SCC" */;
			compatibilityVersion = "Xcode 8.0";
			developmentRegion = en;
			hasScannedForEncodings = 0;
			knownRegions = (
				en,
				Base,
			);
			mainGroup = 58BBA99F1F5DDCEB00E03E30;
			productRefGroup = 58BBA9A91F5DDCEB00E03E30 /* Products */;
			projectDirPath = "";
			projectRoot = "";
			targets = (
				58BBA9A71F5DDCEB00E03E30 /* SCC */,
			);
		};
/* End PBXProject section */

/* Begin PBXResourcesBuildPhase section */
		58BBA9A61F5DDCEB00E03E30 /* Resources */ = {
			isa = PBXResourcesBuildPhase;
			buildActionMask = 2147483647;
			files = (
				58D4EECF1FAE24E0003C2A1B /* Podfile in Resources */,
				58BBA9B91F5DDCEB00E03E30 /* LaunchScreen.storyboard in Resources */,
				58BBA9B61F5DDCEB00E03E30 /* Assets.xcassets in Resources */,
				58F710621F8155870055D48F /* .travis.yml in Resources */,
				58BBA9B11F5DDCEB00E03E30 /* Main.storyboard in Resources */,
			);
			runOnlyForDeploymentPostprocessing = 0;
		};
/* End PBXResourcesBuildPhase section */

/* Begin PBXShellScriptBuildPhase section */
		17CBB7D1B698E7A070EB4BC9 /* [CP] Copy Pods Resources */ = {
			isa = PBXShellScriptBuildPhase;
			buildActionMask = 2147483647;
			files = (
			);
			inputPaths = (
			);
			name = "[CP] Copy Pods Resources";
			outputPaths = (
			);
			runOnlyForDeploymentPostprocessing = 0;
			shellPath = /bin/sh;
			shellScript = "\"${SRCROOT}/Pods/Target Support Files/Pods-SCC/Pods-SCC-resources.sh\"\n";
			showEnvVarsInLog = 0;
		};
		2BA4F38ADD93B288BF88CEBC /* [CP] Check Pods Manifest.lock */ = {
			isa = PBXShellScriptBuildPhase;
			buildActionMask = 2147483647;
			files = (
			);
			inputPaths = (
				"${PODS_PODFILE_DIR_PATH}/Podfile.lock",
				"${PODS_ROOT}/Manifest.lock",
			);
			name = "[CP] Check Pods Manifest.lock";
			outputPaths = (
				"$(DERIVED_FILE_DIR)/Pods-SCC-checkManifestLockResult.txt",
			);
			runOnlyForDeploymentPostprocessing = 0;
			shellPath = /bin/sh;
			shellScript = "diff \"${PODS_PODFILE_DIR_PATH}/Podfile.lock\" \"${PODS_ROOT}/Manifest.lock\" > /dev/null\nif [ $? != 0 ] ; then\n    # print error to STDERR\n    echo \"error: The sandbox is not in sync with the Podfile.lock. Run 'pod install' or update your CocoaPods installation.\" >&2\n    exit 1\nfi\n# This output is used by Xcode 'outputs' to avoid re-running this script phase.\necho \"SUCCESS\" > \"${SCRIPT_OUTPUT_FILE_0}\"\n";
			showEnvVarsInLog = 0;
		};
		B1E996DC8B5CCC15C8C624A1 /* [CP] Embed Pods Frameworks */ = {
			isa = PBXShellScriptBuildPhase;
			buildActionMask = 2147483647;
			files = (
			);
			inputPaths = (
				"${SRCROOT}/Pods/Target Support Files/Pods-SCC/Pods-SCC-frameworks.sh",
				"${BUILT_PRODUCTS_DIR}/MDFInternationalization/MDFInternationalization.framework",
				"${BUILT_PRODUCTS_DIR}/MDFTextAccessibility/MDFTextAccessibility.framework",
				"${BUILT_PRODUCTS_DIR}/MaterialComponents/MaterialComponents.framework",
				"${BUILT_PRODUCTS_DIR}/MotionAnimator/MotionAnimator.framework",
				"${BUILT_PRODUCTS_DIR}/MotionInterchange/MotionInterchange.framework",
				"${BUILT_PRODUCTS_DIR}/MotionTransitioning/MotionTransitioning.framework",
				"${BUILT_PRODUCTS_DIR}/SideMenu/SideMenu.framework",
				"${BUILT_PRODUCTS_DIR}/UIColor_Hex_Swift/UIColor_Hex_Swift.framework",
				"${BUILT_PRODUCTS_DIR}/lottie-ios/Lottie.framework",
			);
			name = "[CP] Embed Pods Frameworks";
			outputPaths = (
				"${TARGET_BUILD_DIR}/${FRAMEWORKS_FOLDER_PATH}/MDFInternationalization.framework",
				"${TARGET_BUILD_DIR}/${FRAMEWORKS_FOLDER_PATH}/MDFTextAccessibility.framework",
				"${TARGET_BUILD_DIR}/${FRAMEWORKS_FOLDER_PATH}/MaterialComponents.framework",
				"${TARGET_BUILD_DIR}/${FRAMEWORKS_FOLDER_PATH}/MotionAnimator.framework",
				"${TARGET_BUILD_DIR}/${FRAMEWORKS_FOLDER_PATH}/MotionInterchange.framework",
				"${TARGET_BUILD_DIR}/${FRAMEWORKS_FOLDER_PATH}/MotionTransitioning.framework",
				"${TARGET_BUILD_DIR}/${FRAMEWORKS_FOLDER_PATH}/SideMenu.framework",
				"${TARGET_BUILD_DIR}/${FRAMEWORKS_FOLDER_PATH}/UIColor_Hex_Swift.framework",
				"${TARGET_BUILD_DIR}/${FRAMEWORKS_FOLDER_PATH}/Lottie.framework",
			);
			runOnlyForDeploymentPostprocessing = 0;
			shellPath = /bin/sh;
			shellScript = "\"${SRCROOT}/Pods/Target Support Files/Pods-SCC/Pods-SCC-frameworks.sh\"\n";
			showEnvVarsInLog = 0;
		};
/* End PBXShellScriptBuildPhase section */

/* Begin PBXSourcesBuildPhase section */
		58BBA9A41F5DDCEB00E03E30 /* Sources */ = {
			isa = PBXSourcesBuildPhase;
			buildActionMask = 2147483647;
			files = (
				58BBA9AE1F5DDCEB00E03E30 /* ViewController.swift in Sources */,
				58C147991F644670000EAA97 /* TableViewController.swift in Sources */,
				58BBA9AC1F5DDCEB00E03E30 /* AppDelegate.swift in Sources */,
				585074F01F677E9E007F024F /* GraphPageController.swift in Sources */,
				58C147971F6444F1000EAA97 /* TransactionTableViewCell.swift in Sources */,
				585074F41F677F86007F024F /* StorewiseTransactionVC.swift in Sources */,
				585074F21F677F41007F024F /* MonthlyTransactionVC.swift in Sources */,
				585074F81F67815C007F024F /* EmbededExtensions.swift in Sources */,
				5862F8571FA5531600085316 /* Amount_NTViews.swift in Sources */,
				585074F61F677FAF007F024F /* ScrollableGraphView.swift in Sources */,
				58BD5EF31F6614870047FD30 /* ManagedDatabaseModule.swift in Sources */,
				5862F8521FA4E2B300085316 /* Store_NTViews.swift in Sources */,
				5862F8551FA4E7EB00085316 /* Date_NTViews.swift in Sources */,
				58BBA9B41F5DDCEB00E03E30 /* SCC.xcdatamodeld in Sources */,
			);
			runOnlyForDeploymentPostprocessing = 0;
		};
/* End PBXSourcesBuildPhase section */

/* Begin PBXVariantGroup section */
		58BBA9AF1F5DDCEB00E03E30 /* Main.storyboard */ = {
			isa = PBXVariantGroup;
			children = (
				58BBA9B01F5DDCEB00E03E30 /* Base */,
			);
			name = Main.storyboard;
			sourceTree = "<group>";
		};
		58BBA9B71F5DDCEB00E03E30 /* LaunchScreen.storyboard */ = {
			isa = PBXVariantGroup;
			children = (
				58BBA9B81F5DDCEB00E03E30 /* Base */,
			);
			name = LaunchScreen.storyboard;
			sourceTree = "<group>";
		};
/* End PBXVariantGroup section */

/* Begin XCBuildConfiguration section */
		58BBA9BB1F5DDCEB00E03E30 /* Debug */ = {
			isa = XCBuildConfiguration;
			buildSettings = {
				ALWAYS_SEARCH_USER_PATHS = NO;
				CLANG_ANALYZER_NONNULL = YES;
				CLANG_ANALYZER_NUMBER_OBJECT_CONVERSION = YES_AGGRESSIVE;
				CLANG_CXX_LANGUAGE_STANDARD = "gnu++14";
				CLANG_CXX_LIBRARY = "libc++";
				CLANG_ENABLE_MODULES = YES;
				CLANG_ENABLE_OBJC_ARC = YES;
				CLANG_WARN_BLOCK_CAPTURE_AUTORELEASING = YES;
				CLANG_WARN_BOOL_CONVERSION = YES;
				CLANG_WARN_COMMA = YES;
				CLANG_WARN_CONSTANT_CONVERSION = YES;
				CLANG_WARN_DIRECT_OBJC_ISA_USAGE = YES_ERROR;
				CLANG_WARN_DOCUMENTATION_COMMENTS = YES;
				CLANG_WARN_EMPTY_BODY = YES;
				CLANG_WARN_ENUM_CONVERSION = YES;
				CLANG_WARN_INFINITE_RECURSION = YES;
				CLANG_WARN_INT_CONVERSION = YES;
				CLANG_WARN_NON_LITERAL_NULL_CONVERSION = YES;
				CLANG_WARN_OBJC_LITERAL_CONVERSION = YES;
				CLANG_WARN_OBJC_ROOT_CLASS = YES_ERROR;
				CLANG_WARN_RANGE_LOOP_ANALYSIS = YES;
				CLANG_WARN_STRICT_PROTOTYPES = YES;
				CLANG_WARN_SUSPICIOUS_MOVE = YES;
				CLANG_WARN_UNGUARDED_AVAILABILITY = YES_AGGRESSIVE;
				CLANG_WARN_UNREACHABLE_CODE = YES;
				CLANG_WARN__DUPLICATE_METHOD_MATCH = YES;
				CODE_SIGN_IDENTITY = "iPhone Developer";
				COPY_PHASE_STRIP = NO;
				DEBUG_INFORMATION_FORMAT = dwarf;
				ENABLE_STRICT_OBJC_MSGSEND = YES;
				ENABLE_TESTABILITY = YES;
				GCC_C_LANGUAGE_STANDARD = gnu11;
				GCC_DYNAMIC_NO_PIC = NO;
				GCC_NO_COMMON_BLOCKS = YES;
				GCC_OPTIMIZATION_LEVEL = 0;
				GCC_PREPROCESSOR_DEFINITIONS = (
					"DEBUG=1",
					"$(inherited)",
				);
				GCC_WARN_64_TO_32_BIT_CONVERSION = YES;
				GCC_WARN_ABOUT_RETURN_TYPE = YES_ERROR;
				GCC_WARN_UNDECLARED_SELECTOR = YES;
				GCC_WARN_UNINITIALIZED_AUTOS = YES_AGGRESSIVE;
				GCC_WARN_UNUSED_FUNCTION = YES;
				GCC_WARN_UNUSED_VARIABLE = YES;
				IPHONEOS_DEPLOYMENT_TARGET = 11.0;
				MTL_ENABLE_DEBUG_INFO = YES;
				ONLY_ACTIVE_ARCH = YES;
				SDKROOT = iphoneos;
				SWIFT_ACTIVE_COMPILATION_CONDITIONS = DEBUG;
				SWIFT_OPTIMIZATION_LEVEL = "-Onone";
			};
			name = Debug;
		};
		58BBA9BC1F5DDCEB00E03E30 /* Release */ = {
			isa = XCBuildConfiguration;
			buildSettings = {
				ALWAYS_SEARCH_USER_PATHS = NO;
				CLANG_ANALYZER_NONNULL = YES;
				CLANG_ANALYZER_NUMBER_OBJECT_CONVERSION = YES_AGGRESSIVE;
				CLANG_CXX_LANGUAGE_STANDARD = "gnu++14";
				CLANG_CXX_LIBRARY = "libc++";
				CLANG_ENABLE_MODULES = YES;
				CLANG_ENABLE_OBJC_ARC = YES;
				CLANG_WARN_BLOCK_CAPTURE_AUTORELEASING = YES;
				CLANG_WARN_BOOL_CONVERSION = YES;
				CLANG_WARN_COMMA = YES;
				CLANG_WARN_CONSTANT_CONVERSION = YES;
				CLANG_WARN_DIRECT_OBJC_ISA_USAGE = YES_ERROR;
				CLANG_WARN_DOCUMENTATION_COMMENTS = YES;
				CLANG_WARN_EMPTY_BODY = YES;
				CLANG_WARN_ENUM_CONVERSION = YES;
				CLANG_WARN_INFINITE_RECURSION = YES;
				CLANG_WARN_INT_CONVERSION = YES;
				CLANG_WARN_NON_LITERAL_NULL_CONVERSION = YES;
				CLANG_WARN_OBJC_LITERAL_CONVERSION = YES;
				CLANG_WARN_OBJC_ROOT_CLASS = YES_ERROR;
				CLANG_WARN_RANGE_LOOP_ANALYSIS = YES;
				CLANG_WARN_STRICT_PROTOTYPES = YES;
				CLANG_WARN_SUSPICIOUS_MOVE = YES;
				CLANG_WARN_UNGUARDED_AVAILABILITY = YES_AGGRESSIVE;
				CLANG_WARN_UNREACHABLE_CODE = YES;
				CLANG_WARN__DUPLICATE_METHOD_MATCH = YES;
				CODE_SIGN_IDENTITY = "iPhone Developer";
				COPY_PHASE_STRIP = NO;
				DEBUG_INFORMATION_FORMAT = "dwarf-with-dsym";
				ENABLE_NS_ASSERTIONS = NO;
				ENABLE_STRICT_OBJC_MSGSEND = YES;
				GCC_C_LANGUAGE_STANDARD = gnu11;
				GCC_NO_COMMON_BLOCKS = YES;
				GCC_WARN_64_TO_32_BIT_CONVERSION = YES;
				GCC_WARN_ABOUT_RETURN_TYPE = YES_ERROR;
				GCC_WARN_UNDECLARED_SELECTOR = YES;
				GCC_WARN_UNINITIALIZED_AUTOS = YES_AGGRESSIVE;
				GCC_WARN_UNUSED_FUNCTION = YES;
				GCC_WARN_UNUSED_VARIABLE = YES;
				IPHONEOS_DEPLOYMENT_TARGET = 11.0;
				MTL_ENABLE_DEBUG_INFO = NO;
				SDKROOT = iphoneos;
				SWIFT_OPTIMIZATION_LEVEL = "-Owholemodule";
				VALIDATE_PRODUCT = YES;
			};
			name = Release;
		};
		58BBA9BE1F5DDCEB00E03E30 /* Debug */ = {
			isa = XCBuildConfiguration;
			baseConfigurationReference = 3DE236E5F16EAAF53EEF7A04 /* Pods-SCC.debug.xcconfig */;
			buildSettings = {
				ASSETCATALOG_COMPILER_APPICON_NAME = AppIcon;
				DEVELOPMENT_TEAM = 9TEPY3US76;
				INFOPLIST_FILE = SCC/Info.plist;
				LD_RUNPATH_SEARCH_PATHS = "$(inherited) @executable_path/Frameworks";
				PRODUCT_BUNDLE_IDENTIFIER = cf.15zonesstudio.ShoppingControlCenter;
				PRODUCT_NAME = "$(TARGET_NAME)";
				SWIFT_VERSION = 4.0;
				TARGETED_DEVICE_FAMILY = "1,2";
			};
			name = Debug;
		};
		58BBA9BF1F5DDCEB00E03E30 /* Release */ = {
			isa = XCBuildConfiguration;
			baseConfigurationReference = DAA42E3362AC9D2CFF35DB53 /* Pods-SCC.release.xcconfig */;
			buildSettings = {
				ASSETCATALOG_COMPILER_APPICON_NAME = AppIcon;
				DEVELOPMENT_TEAM = 9TEPY3US76;
				INFOPLIST_FILE = SCC/Info.plist;
				LD_RUNPATH_SEARCH_PATHS = "$(inherited) @executable_path/Frameworks";
				PRODUCT_BUNDLE_IDENTIFIER = cf.15zonesstudio.ShoppingControlCenter;
				PRODUCT_NAME = "$(TARGET_NAME)";
				SWIFT_VERSION = 4.0;
				TARGETED_DEVICE_FAMILY = "1,2";
			};
			name = Release;
		};
/* End XCBuildConfiguration section */

/* Begin XCConfigurationList section */
		58BBA9A31F5DDCEB00E03E30 /* Build configuration list for PBXProject "SCC" */ = {
			isa = XCConfigurationList;
			buildConfigurations = (
				58BBA9BB1F5DDCEB00E03E30 /* Debug */,
				58BBA9BC1F5DDCEB00E03E30 /* Release */,
			);
			defaultConfigurationIsVisible = 0;
			defaultConfigurationName = Release;
		};
		58BBA9BD1F5DDCEB00E03E30 /* Build configuration list for PBXNativeTarget "SCC" */ = {
			isa = XCConfigurationList;
			buildConfigurations = (
				58BBA9BE1F5DDCEB00E03E30 /* Debug */,
				58BBA9BF1F5DDCEB00E03E30 /* Release */,
			);
			defaultConfigurationIsVisible = 0;
			defaultConfigurationName = Release;
		};
/* End XCConfigurationList section */

/* Begin XCVersionGroup section */
		58BBA9B21F5DDCEB00E03E30 /* SCC.xcdatamodeld */ = {
			isa = XCVersionGroup;
			children = (
				58BBA9B31F5DDCEB00E03E30 /* SCC.xcdatamodel */,
			);
			currentVersion = 58BBA9B31F5DDCEB00E03E30 /* SCC.xcdatamodel */;
			path = SCC.xcdatamodeld;
			sourceTree = "<group>";
			versionGroupType = wrapper.xcdatamodel;
		};
/* End XCVersionGroup section */
	};
	rootObject = 58BBA9A01F5DDCEB00E03E30 /* Project object */;
}
